
Microsoft Visual Studio Solution File, Format Version 12.00
# Visual Studio Version 17
VisualStudioVersion = 17.13.35818.85 d17.13
MinimumVisualStudioVersion = 10.0.40219.1
Project("{FAE04EC0-301F-11D3-BF4B-00C04F79EFBC}") = "WPF_Proj", "WpfApp2\WPF_Proj.csproj", "{F89538E4-9416-4A8A-B985-D9F20C9309B2}"
EndProject
Global
	GlobalSection(SolutionConfigurationPlatforms) = preSolution
		Debug|Any CPU = Debug|Any CPU
		Release|Any CPU = Release|Any CPU
	EndGlobalSection
	GlobalSection(ProjectConfigurationPlatforms) = postSolution
		{F89538E4-9416-4A8A-B985-D9F20C9309B2}.Debug|Any CPU.ActiveCfg = Debug|Any CPU
		{F89538E4-9416-4A8A-B985-D9F20C9309B2}.Debug|Any CPU.Build.0 = Debug|Any CPU
		{F89538E4-9416-4A8A-B985-D9F20C9309B2}.Release|Any CPU.ActiveCfg = Release|Any CPU
		{F89538E4-9416-4A8A-B985-D9F20C9309B2}.Release|Any CPU.Build.0 = Release|Any CPU
	EndGlobalSection
	GlobalSection(SolutionProperties) = preSolution
		HideSolutionNode = FALSE
	EndGlobalSection
	GlobalSection(ExtensibilityGlobals) = postSolution
		SolutionGuid = {CF1C2AFB-597F-4F35-98B3-F59199D4DDC2}
	EndGlobalSection
EndGlobal
